<?xml version="1.0" encoding="utf-8"?>
<Project ToolsVersion="4.0" xmlns="http://schemas.microsoft.com/developer/msbuild/2003">
  <ItemGroup>
    <Filter Include="Source Files">
      <UniqueIdentifier>{4FC737F1-C7A5-4376-A066-2A32D752A2FF}</UniqueIdentifier>
      <Extensions>cpp;c;cc;cxx;c++;cppm;ixx;def;odl;idl;hpj;bat;asm;asmx</Extensions>
    </Filter>
    <Filter Include="Header Files">
      <UniqueIdentifier>{93995380-89BD-4b04-88EB-625FBE52EBFB}</UniqueIdentifier>
      <Extensions>h;hh;hpp;hxx;h++;hm;inl;inc;ipp;xsd</Extensions>
    </Filter>
    <Filter Include="Resource Files">
      <UniqueIdentifier>{67DA6AB6-F800-4c08-8B7A-83BB121AAD01}</UniqueIdentifier>
      <Extensions>rc;ico;cur;bmp;dlg;rc2;rct;bin;rgs;gif;jpg;jpeg;jpe;resx;tiff;tif;png;wav;mfcribbon-ms</Extensions>
    </Filter>
  </ItemGroup>
  <ItemGroup>
    <ClCompile Include="Cards.cpp">
      <Filter>Source Files</Filter>
    </ClCompile>
    <ClCompile Include="MapLoader.cpp">
      <Filter>Source Files</Filter>
    </ClCompile>
    <ClCompile Include="Map.cpp">
      <Filter>Source Files</Filter>
    </ClCompile>
    <ClCompile Include="Orders.cpp">
      <Filter>Source Files</Filter>
    </ClCompile>
    <ClCompile Include="Player.cpp">
      <Filter>Source Files</Filter>
    </ClCompile>
    <ClCompile Include="GameObservers.cpp">
      <Filter>Source Files</Filter>
    </ClCompile>
  </ItemGroup>
  <ItemGroup>
    <ClInclude Include="Cards.h">
      <Filter>Header Files</Filter>
    </ClInclude>
    <ClInclude Include="MapLoader.h">
      <Filter>Header Files</Filter>
    </ClInclude>
    <ClInclude Include="Map.h">
      <Filter>Header Files</Filter>
    </ClInclude>
    <ClInclude Include="Orders.h">
      <Filter>Header Files</Filter>
    </ClInclude>
    <ClInclude Include="Player.h">
      <Filter>Header Files</Filter>
    </ClInclude>
    <ClInclude Include="GameEngine.h">
      <Filter>Header Files</Filter>
    </ClInclude>
  </ItemGroup>
  <ItemGroup>
    <None Include="map_dir\artic\artic.map" />
    <None Include="map_dir\austria-hungary\austria-hungary.map" />
    <None Include="map_dir\bigeurope\bigeurope.map" />
    <None Include="map_dir\eire\eire.map" />
    <None Include="map_dir\europass\europass.map" />
    <None Include="map_dir\europe\europe.map" />
    <None Include="map_dir\Falkland-Islands\Falkland-Islands.map" />
    <None Include="map_dir\france\france.map" />
    <None Include="map_dir\google\google.map" />
    <None Include="map_dir\kosova\kosova.map" />
    <None Include="map_dir\MiddleEast-Qatar\MiddleEast-Qatar.map" />
    <None Include="map_dir\solar\solar.map" />
    <None Include="map_dir\sudamerica\sudamerica.map" />
    <None Include="map_dir\sw_baltic\sw_baltic.map" />
    <None Include="map_dir\swiss\swiss.map" />
    <None Include="conquest_map_dir\3D.map" />
  </ItemGroup>
</Project>